
Microsoft Visual Studio Solution File, Format Version 12.00
Project("{FAE04EC0-301F-11D3-BF4B-00C04F79EFBC}") = "dotnetCriandoWebAPI", "dotnetCriandoWebAPI\dotnetCriandoWebAPI.csproj", "{74DB5A0F-E2A4-4B02-9289-43637881F626}"
EndProject
Global
	GlobalSection(SolutionConfigurationPlatforms) = preSolution
		Debug|Any CPU = Debug|Any CPU
		Release|Any CPU = Release|Any CPU
	EndGlobalSection
	GlobalSection(ProjectConfigurationPlatforms) = postSolution
		{74DB5A0F-E2A4-4B02-9289-43637881F626}.Debug|Any CPU.ActiveCfg = Debug|Any CPU
		{74DB5A0F-E2A4-4B02-9289-43637881F626}.Debug|Any CPU.Build.0 = Debug|Any CPU
		{74DB5A0F-E2A4-4B02-9289-43637881F626}.Release|Any CPU.ActiveCfg = Release|Any CPU
		{74DB5A0F-E2A4-4B02-9289-43637881F626}.Release|Any CPU.Build.0 = Release|Any CPU
	EndGlobalSection
EndGlobal
